// !$*UTF8*$!
{
	archiveVersion = 1;
	classes = {
	};
	objectVersion = 50;
	objects = {

/* Begin PBXBuildFile section */
		5D5684B32587999000F8900B /* UserDefaultsManager.swift in Sources */ = {isa = PBXBuildFile; fileRef = 5D5684B22587999000F8900B /* UserDefaultsManager.swift */; };
		5D5684B425879A1B00F8900B /* UserDefaultsManager.swift in Sources */ = {isa = PBXBuildFile; fileRef = 5D5684B22587999000F8900B /* UserDefaultsManager.swift */; };
		5D5684C625879D0800F8900B /* MenuItemView.swift in Sources */ = {isa = PBXBuildFile; fileRef = 5D5684C525879D0800F8900B /* MenuItemView.swift */; };
		5D5684C725879D0800F8900B /* MenuItemView.swift in Sources */ = {isa = PBXBuildFile; fileRef = 5D5684C525879D0800F8900B /* MenuItemView.swift */; };
		5D5684C925879D8300F8900B /* MenuType.swift in Sources */ = {isa = PBXBuildFile; fileRef = 5D5684C825879D8300F8900B /* MenuType.swift */; };
		5D5684CA25879D8300F8900B /* MenuType.swift in Sources */ = {isa = PBXBuildFile; fileRef = 5D5684C825879D8300F8900B /* MenuType.swift */; };
		5D5684CF25879E8800F8900B /* CharacterItemView.swift in Sources */ = {isa = PBXBuildFile; fileRef = 5D5684CE25879E8800F8900B /* CharacterItemView.swift */; };
		5D5684D025879E8800F8900B /* CharacterItemView.swift in Sources */ = {isa = PBXBuildFile; fileRef = 5D5684CE25879E8800F8900B /* CharacterItemView.swift */; };
		5D5684D22587A77A00F8900B /* GameViewModel.swift in Sources */ = {isa = PBXBuildFile; fileRef = 5D5684D12587A77A00F8900B /* GameViewModel.swift */; };
		5D5684D32587A77A00F8900B /* GameViewModel.swift in Sources */ = {isa = PBXBuildFile; fileRef = 5D5684D12587A77A00F8900B /* GameViewModel.swift */; };
		5D5684D62587C38900F8900B /* ShopView.swift in Sources */ = {isa = PBXBuildFile; fileRef = 5D5684D52587C38900F8900B /* ShopView.swift */; };
		5D5684D72587C38900F8900B /* ShopView.swift in Sources */ = {isa = PBXBuildFile; fileRef = 5D5684D52587C38900F8900B /* ShopView.swift */; };
		5D5684D92587C3AF00F8900B /* Eat.swift in Sources */ = {isa = PBXBuildFile; fileRef = 5D5684D82587C3AF00F8900B /* Eat.swift */; };
		5D5684DA2587C3AF00F8900B /* Eat.swift in Sources */ = {isa = PBXBuildFile; fileRef = 5D5684D82587C3AF00F8900B /* Eat.swift */; };
		5D5684DC2587C46000F8900B /* Food.swift in Sources */ = {isa = PBXBuildFile; fileRef = 5D5684DB2587C46000F8900B /* Food.swift */; };
		5D5684DD2587C46000F8900B /* Food.swift in Sources */ = {isa = PBXBuildFile; fileRef = 5D5684DB2587C46000F8900B /* Food.swift */; };
		5D5684DF2587C60300F8900B /* ShopViewModel.swift in Sources */ = {isa = PBXBuildFile; fileRef = 5D5684DE2587C60300F8900B /* ShopViewModel.swift */; };
		5D5684E02587C60300F8900B /* ShopViewModel.swift in Sources */ = {isa = PBXBuildFile; fileRef = 5D5684DE2587C60300F8900B /* ShopViewModel.swift */; };
		5D5684E22587FED000F8900B /* ContentViewModel.swift in Sources */ = {isa = PBXBuildFile; fileRef = 5D5684E12587FED000F8900B /* ContentViewModel.swift */; };
		5D5684E32587FED000F8900B /* ContentViewModel.swift in Sources */ = {isa = PBXBuildFile; fileRef = 5D5684E12587FED000F8900B /* ContentViewModel.swift */; };
		5D5684EA2588006C00F8900B /* TamagotchiWatch WatchKit App.app in Embed Watch Content */ = {isa = PBXBuildFile; fileRef = 5D5684E92588006C00F8900B /* TamagotchiWatch WatchKit App.app */; settings = {ATTRIBUTES = (RemoveHeadersOnCopy, ); }; };
		5D5684F02588006C00F8900B /* Interface.storyboard in Resources */ = {isa = PBXBuildFile; fileRef = 5D5684EE2588006C00F8900B /* Interface.storyboard */; };
		5D5684F22588006D00F8900B /* Assets.xcassets in Resources */ = {isa = PBXBuildFile; fileRef = 5D5684F12588006D00F8900B /* Assets.xcassets */; };
		5D5684F92588006D00F8900B /* TamagotchiWatch WatchKit Extension.appex in Embed App Extensions */ = {isa = PBXBuildFile; fileRef = 5D5684F82588006D00F8900B /* TamagotchiWatch WatchKit Extension.appex */; settings = {ATTRIBUTES = (RemoveHeadersOnCopy, ); }; };
		5D5685002588006D00F8900B /* HostingController.swift in Sources */ = {isa = PBXBuildFile; fileRef = 5D5684FF2588006D00F8900B /* HostingController.swift */; };
		5D5685022588006D00F8900B /* ExtensionDelegate.swift in Sources */ = {isa = PBXBuildFile; fileRef = 5D5685012588006D00F8900B /* ExtensionDelegate.swift */; };
		5D5685042588006D00F8900B /* Assets.xcassets in Resources */ = {isa = PBXBuildFile; fileRef = 5D5685032588006D00F8900B /* Assets.xcassets */; };
		5D5685072588006D00F8900B /* Preview Assets.xcassets in Resources */ = {isa = PBXBuildFile; fileRef = 5D5685062588006D00F8900B /* Preview Assets.xcassets */; };
		5D568515258800B900F8900B /* Character.swift in Sources */ = {isa = PBXBuildFile; fileRef = 5DEC887025876FC70034DE89 /* Character.swift */; };
		5D568516258800BB00F8900B /* ImageLoader.swift in Sources */ = {isa = PBXBuildFile; fileRef = 5DEC8874258772F00034DE89 /* ImageLoader.swift */; };
		5D568517258800BE00F8900B /* UserDefaultsManager.swift in Sources */ = {isa = PBXBuildFile; fileRef = 5D5684B22587999000F8900B /* UserDefaultsManager.swift */; };
		5D568518258800C000F8900B /* Eat.swift in Sources */ = {isa = PBXBuildFile; fileRef = 5D5684D82587C3AF00F8900B /* Eat.swift */; };
		5D568519258800C200F8900B /* Food.swift in Sources */ = {isa = PBXBuildFile; fileRef = 5D5684DB2587C46000F8900B /* Food.swift */; };
		5D56851A258800C400F8900B /* ShopView.swift in Sources */ = {isa = PBXBuildFile; fileRef = 5D5684D52587C38900F8900B /* ShopView.swift */; };
		5D56851B258800C600F8900B /* ShopViewModel.swift in Sources */ = {isa = PBXBuildFile; fileRef = 5D5684DE2587C60300F8900B /* ShopViewModel.swift */; };
		5D56851C258800C800F8900B /* ContentView.swift in Sources */ = {isa = PBXBuildFile; fileRef = 5D5794122582D63C00D61368 /* ContentView.swift */; };
		5D56851D258800CA00F8900B /* MenuItemView.swift in Sources */ = {isa = PBXBuildFile; fileRef = 5D5684C525879D0800F8900B /* MenuItemView.swift */; };
		5D56851E258800CC00F8900B /* MenuType.swift in Sources */ = {isa = PBXBuildFile; fileRef = 5D5684C825879D8300F8900B /* MenuType.swift */; };
		5D56851F258800CF00F8900B /* ContentViewModel.swift in Sources */ = {isa = PBXBuildFile; fileRef = 5D5684E12587FED000F8900B /* ContentViewModel.swift */; };
		5D568520258800D100F8900B /* GameView.swift in Sources */ = {isa = PBXBuildFile; fileRef = 5DEC886925876E8F0034DE89 /* GameView.swift */; };
		5D568521258800D400F8900B /* GameViewModel.swift in Sources */ = {isa = PBXBuildFile; fileRef = 5D5684D12587A77A00F8900B /* GameViewModel.swift */; };
		5D568522258800D600F8900B /* CharacterView.swift in Sources */ = {isa = PBXBuildFile; fileRef = 5DEC886C25876EA60034DE89 /* CharacterView.swift */; };
		5D568523258800D800F8900B /* CharacterItemView.swift in Sources */ = {isa = PBXBuildFile; fileRef = 5D5684CE25879E8800F8900B /* CharacterItemView.swift */; };
		5D568524258800DA00F8900B /* RemoteImage.swift in Sources */ = {isa = PBXBuildFile; fileRef = 5DEC8872258771D70034DE89 /* RemoteImage.swift */; };
		5D5685282588053600F8900B /* InfoView.swift in Sources */ = {isa = PBXBuildFile; fileRef = 5D5685272588053600F8900B /* InfoView.swift */; };
		5D5685292588053600F8900B /* InfoView.swift in Sources */ = {isa = PBXBuildFile; fileRef = 5D5685272588053600F8900B /* InfoView.swift */; };
		5D56852A2588067700F8900B /* InfoView.swift in Sources */ = {isa = PBXBuildFile; fileRef = 5D5685272588053600F8900B /* InfoView.swift */; };
		5D57940F2582D63C00D61368 /* AppDelegate.swift in Sources */ = {isa = PBXBuildFile; fileRef = 5D57940E2582D63C00D61368 /* AppDelegate.swift */; };
		5D5794112582D63C00D61368 /* SceneDelegate.swift in Sources */ = {isa = PBXBuildFile; fileRef = 5D5794102582D63C00D61368 /* SceneDelegate.swift */; };
		5D5794132582D63C00D61368 /* ContentView.swift in Sources */ = {isa = PBXBuildFile; fileRef = 5D5794122582D63C00D61368 /* ContentView.swift */; };
		5D5794152582D63D00D61368 /* Assets.xcassets in Resources */ = {isa = PBXBuildFile; fileRef = 5D5794142582D63D00D61368 /* Assets.xcassets */; };
		5D5794182582D63D00D61368 /* Preview Assets.xcassets in Resources */ = {isa = PBXBuildFile; fileRef = 5D5794172582D63D00D61368 /* Preview Assets.xcassets */; };
		5D57941B2582D63D00D61368 /* LaunchScreen.storyboard in Resources */ = {isa = PBXBuildFile; fileRef = 5D5794192582D63D00D61368 /* LaunchScreen.storyboard */; };
		5D5794632582D67600D61368 /* Assets.xcassets in Resources */ = {isa = PBXBuildFile; fileRef = 5D5794622582D67600D61368 /* Assets.xcassets */; };
		5D5794662582D67600D61368 /* Preview Assets.xcassets in Resources */ = {isa = PBXBuildFile; fileRef = 5D5794652582D67600D61368 /* Preview Assets.xcassets */; };
		5D5794692582D67600D61368 /* LaunchScreen.storyboard in Resources */ = {isa = PBXBuildFile; fileRef = 5D5794672582D67600D61368 /* LaunchScreen.storyboard */; };
		5DBD847D2587747E000254ED /* RemoteImage.swift in Sources */ = {isa = PBXBuildFile; fileRef = 5DEC8872258771D70034DE89 /* RemoteImage.swift */; };
		5DBD847E25877480000254ED /* CharacterView.swift in Sources */ = {isa = PBXBuildFile; fileRef = 5DEC886C25876EA60034DE89 /* CharacterView.swift */; };
		5DBD847F25877483000254ED /* GameView.swift in Sources */ = {isa = PBXBuildFile; fileRef = 5DEC886925876E8F0034DE89 /* GameView.swift */; };
		5DBD848025877485000254ED /* ImageLoader.swift in Sources */ = {isa = PBXBuildFile; fileRef = 5DEC8874258772F00034DE89 /* ImageLoader.swift */; };
		5DBD848125877487000254ED /* Character.swift in Sources */ = {isa = PBXBuildFile; fileRef = 5DEC887025876FC70034DE89 /* Character.swift */; };
		5DBD8483258775D7000254ED /* AppDelegate.swift in Sources */ = {isa = PBXBuildFile; fileRef = 5D57945E2582D67500D61368 /* AppDelegate.swift */; };
		5DEC886525876DCB0034DE89 /* ContentView.swift in Sources */ = {isa = PBXBuildFile; fileRef = 5D5794122582D63C00D61368 /* ContentView.swift */; };
		5DEC886A25876E8F0034DE89 /* GameView.swift in Sources */ = {isa = PBXBuildFile; fileRef = 5DEC886925876E8F0034DE89 /* GameView.swift */; };
		5DEC886D25876EA60034DE89 /* CharacterView.swift in Sources */ = {isa = PBXBuildFile; fileRef = 5DEC886C25876EA60034DE89 /* CharacterView.swift */; };
		5DEC887125876FC70034DE89 /* Character.swift in Sources */ = {isa = PBXBuildFile; fileRef = 5DEC887025876FC70034DE89 /* Character.swift */; };
		5DEC8873258771D70034DE89 /* RemoteImage.swift in Sources */ = {isa = PBXBuildFile; fileRef = 5DEC8872258771D70034DE89 /* RemoteImage.swift */; };
		5DEC8875258772F00034DE89 /* ImageLoader.swift in Sources */ = {isa = PBXBuildFile; fileRef = 5DEC8874258772F00034DE89 /* ImageLoader.swift */; };
/* End PBXBuildFile section */

/* Begin PBXContainerItemProxy section */
		5D5684EB2588006C00F8900B /* PBXContainerItemProxy */ = {
			isa = PBXContainerItemProxy;
			containerPortal = 5D5794032582D63C00D61368 /* Project object */;
			proxyType = 1;
			remoteGlobalIDString = 5D5684E82588006C00F8900B;
			remoteInfo = "TamagotchiWatch WatchKit App";
		};
		5D5684FA2588006D00F8900B /* PBXContainerItemProxy */ = {
			isa = PBXContainerItemProxy;
			containerPortal = 5D5794032582D63C00D61368 /* Project object */;
			proxyType = 1;
			remoteGlobalIDString = 5D5684F72588006D00F8900B;
			remoteInfo = "TamagotchiWatch WatchKit Extension";
		};
/* End PBXContainerItemProxy section */

/* Begin PBXCopyFilesBuildPhase section */
		5D56850C2588006D00F8900B /* Embed App Extensions */ = {
			isa = PBXCopyFilesBuildPhase;
			buildActionMask = 2147483647;
			dstPath = "";
			dstSubfolderSpec = 13;
			files = (
				5D5684F92588006D00F8900B /* TamagotchiWatch WatchKit Extension.appex in Embed App Extensions */,
			);
			name = "Embed App Extensions";
			runOnlyForDeploymentPostprocessing = 0;
		};
		5D5685102588006D00F8900B /* Embed Watch Content */ = {
			isa = PBXCopyFilesBuildPhase;
			buildActionMask = 2147483647;
			dstPath = "$(CONTENTS_FOLDER_PATH)/Watch";
			dstSubfolderSpec = 16;
			files = (
				5D5684EA2588006C00F8900B /* TamagotchiWatch WatchKit App.app in Embed Watch Content */,
			);
			name = "Embed Watch Content";
			runOnlyForDeploymentPostprocessing = 0;
		};
/* End PBXCopyFilesBuildPhase section */

/* Begin PBXFileReference section */
		5D5684B22587999000F8900B /* UserDefaultsManager.swift */ = {isa = PBXFileReference; lastKnownFileType = sourcecode.swift; path = UserDefaultsManager.swift; sourceTree = "<group>"; };
		5D5684C525879D0800F8900B /* MenuItemView.swift */ = {isa = PBXFileReference; lastKnownFileType = sourcecode.swift; path = MenuItemView.swift; sourceTree = "<group>"; };
		5D5684C825879D8300F8900B /* MenuType.swift */ = {isa = PBXFileReference; lastKnownFileType = sourcecode.swift; path = MenuType.swift; sourceTree = "<group>"; };
		5D5684CE25879E8800F8900B /* CharacterItemView.swift */ = {isa = PBXFileReference; lastKnownFileType = sourcecode.swift; path = CharacterItemView.swift; sourceTree = "<group>"; };
		5D5684D12587A77A00F8900B /* GameViewModel.swift */ = {isa = PBXFileReference; lastKnownFileType = sourcecode.swift; path = GameViewModel.swift; sourceTree = "<group>"; };
		5D5684D52587C38900F8900B /* ShopView.swift */ = {isa = PBXFileReference; lastKnownFileType = sourcecode.swift; path = ShopView.swift; sourceTree = "<group>"; };
		5D5684D82587C3AF00F8900B /* Eat.swift */ = {isa = PBXFileReference; lastKnownFileType = sourcecode.swift; path = Eat.swift; sourceTree = "<group>"; };
		5D5684DB2587C46000F8900B /* Food.swift */ = {isa = PBXFileReference; lastKnownFileType = sourcecode.swift; path = Food.swift; sourceTree = "<group>"; };
		5D5684DE2587C60300F8900B /* ShopViewModel.swift */ = {isa = PBXFileReference; lastKnownFileType = sourcecode.swift; path = ShopViewModel.swift; sourceTree = "<group>"; };
		5D5684E12587FED000F8900B /* ContentViewModel.swift */ = {isa = PBXFileReference; lastKnownFileType = sourcecode.swift; path = ContentViewModel.swift; sourceTree = "<group>"; };
		5D5684E62588006C00F8900B /* TamagotchiWatch.app */ = {isa = PBXFileReference; explicitFileType = wrapper.application; includeInIndex = 0; path = TamagotchiWatch.app; sourceTree = BUILT_PRODUCTS_DIR; };
		5D5684E92588006C00F8900B /* TamagotchiWatch WatchKit App.app */ = {isa = PBXFileReference; explicitFileType = wrapper.application; includeInIndex = 0; path = "TamagotchiWatch WatchKit App.app"; sourceTree = BUILT_PRODUCTS_DIR; };
		5D5684EF2588006C00F8900B /* Base */ = {isa = PBXFileReference; lastKnownFileType = file.storyboard; name = Base; path = Base.lproj/Interface.storyboard; sourceTree = "<group>"; };
		5D5684F12588006D00F8900B /* Assets.xcassets */ = {isa = PBXFileReference; lastKnownFileType = folder.assetcatalog; path = Assets.xcassets; sourceTree = "<group>"; };
		5D5684F32588006D00F8900B /* Info.plist */ = {isa = PBXFileReference; lastKnownFileType = text.plist.xml; path = Info.plist; sourceTree = "<group>"; };
		5D5684F82588006D00F8900B /* TamagotchiWatch WatchKit Extension.appex */ = {isa = PBXFileReference; explicitFileType = "wrapper.app-extension"; includeInIndex = 0; path = "TamagotchiWatch WatchKit Extension.appex"; sourceTree = BUILT_PRODUCTS_DIR; };
		5D5684FF2588006D00F8900B /* HostingController.swift */ = {isa = PBXFileReference; lastKnownFileType = sourcecode.swift; path = HostingController.swift; sourceTree = "<group>"; };
		5D5685012588006D00F8900B /* ExtensionDelegate.swift */ = {isa = PBXFileReference; lastKnownFileType = sourcecode.swift; path = ExtensionDelegate.swift; sourceTree = "<group>"; };
		5D5685032588006D00F8900B /* Assets.xcassets */ = {isa = PBXFileReference; lastKnownFileType = folder.assetcatalog; path = Assets.xcassets; sourceTree = "<group>"; };
		5D5685062588006D00F8900B /* Preview Assets.xcassets */ = {isa = PBXFileReference; lastKnownFileType = folder.assetcatalog; path = "Preview Assets.xcassets"; sourceTree = "<group>"; };
		5D5685082588006D00F8900B /* Info.plist */ = {isa = PBXFileReference; lastKnownFileType = text.plist.xml; path = Info.plist; sourceTree = "<group>"; };
		5D5685272588053600F8900B /* InfoView.swift */ = {isa = PBXFileReference; lastKnownFileType = sourcecode.swift; path = InfoView.swift; sourceTree = "<group>"; };
		5D57940B2582D63C00D61368 /* Tamagotchi.app */ = {isa = PBXFileReference; explicitFileType = wrapper.application; includeInIndex = 0; path = Tamagotchi.app; sourceTree = BUILT_PRODUCTS_DIR; };
		5D57940E2582D63C00D61368 /* AppDelegate.swift */ = {isa = PBXFileReference; lastKnownFileType = sourcecode.swift; path = AppDelegate.swift; sourceTree = "<group>"; };
		5D5794102582D63C00D61368 /* SceneDelegate.swift */ = {isa = PBXFileReference; lastKnownFileType = sourcecode.swift; path = SceneDelegate.swift; sourceTree = "<group>"; };
		5D5794122582D63C00D61368 /* ContentView.swift */ = {isa = PBXFileReference; lastKnownFileType = sourcecode.swift; path = ContentView.swift; sourceTree = "<group>"; };
		5D5794142582D63D00D61368 /* Assets.xcassets */ = {isa = PBXFileReference; lastKnownFileType = folder.assetcatalog; path = Assets.xcassets; sourceTree = "<group>"; };
		5D5794172582D63D00D61368 /* Preview Assets.xcassets */ = {isa = PBXFileReference; lastKnownFileType = folder.assetcatalog; path = "Preview Assets.xcassets"; sourceTree = "<group>"; };
		5D57941A2582D63D00D61368 /* Base */ = {isa = PBXFileReference; lastKnownFileType = file.storyboard; name = Base; path = Base.lproj/LaunchScreen.storyboard; sourceTree = "<group>"; };
		5D57941C2582D63D00D61368 /* Info.plist */ = {isa = PBXFileReference; lastKnownFileType = text.plist.xml; path = Info.plist; sourceTree = "<group>"; };
		5D5794222582D64200D61368 /* Tamagotchi.entitlements */ = {isa = PBXFileReference; lastKnownFileType = text.plist.entitlements; path = Tamagotchi.entitlements; sourceTree = "<group>"; };
		5D57945C2582D67500D61368 /* TV.app */ = {isa = PBXFileReference; explicitFileType = wrapper.application; includeInIndex = 0; path = TV.app; sourceTree = BUILT_PRODUCTS_DIR; };
		5D57945E2582D67500D61368 /* AppDelegate.swift */ = {isa = PBXFileReference; lastKnownFileType = sourcecode.swift; path = AppDelegate.swift; sourceTree = "<group>"; };
		5D5794622582D67600D61368 /* Assets.xcassets */ = {isa = PBXFileReference; lastKnownFileType = folder.assetcatalog; path = Assets.xcassets; sourceTree = "<group>"; };
		5D5794652582D67600D61368 /* Preview Assets.xcassets */ = {isa = PBXFileReference; lastKnownFileType = folder.assetcatalog; path = "Preview Assets.xcassets"; sourceTree = "<group>"; };
		5D5794682582D67600D61368 /* Base */ = {isa = PBXFileReference; lastKnownFileType = file.storyboard; name = Base; path = Base.lproj/LaunchScreen.storyboard; sourceTree = "<group>"; };
		5D57946A2582D67600D61368 /* Info.plist */ = {isa = PBXFileReference; lastKnownFileType = text.plist.xml; path = Info.plist; sourceTree = "<group>"; };
		5DEC886925876E8F0034DE89 /* GameView.swift */ = {isa = PBXFileReference; lastKnownFileType = sourcecode.swift; path = GameView.swift; sourceTree = "<group>"; };
		5DEC886C25876EA60034DE89 /* CharacterView.swift */ = {isa = PBXFileReference; lastKnownFileType = sourcecode.swift; path = CharacterView.swift; sourceTree = "<group>"; };
		5DEC887025876FC70034DE89 /* Character.swift */ = {isa = PBXFileReference; lastKnownFileType = sourcecode.swift; path = Character.swift; sourceTree = "<group>"; };
		5DEC8872258771D70034DE89 /* RemoteImage.swift */ = {isa = PBXFileReference; lastKnownFileType = sourcecode.swift; path = RemoteImage.swift; sourceTree = "<group>"; };
		5DEC8874258772F00034DE89 /* ImageLoader.swift */ = {isa = PBXFileReference; lastKnownFileType = sourcecode.swift; path = ImageLoader.swift; sourceTree = "<group>"; };
/* End PBXFileReference section */

/* Begin PBXFrameworksBuildPhase section */
		5D5684F52588006D00F8900B /* Frameworks */ = {
			isa = PBXFrameworksBuildPhase;
			buildActionMask = 2147483647;
			files = (
			);
			runOnlyForDeploymentPostprocessing = 0;
		};
		5D5794082582D63C00D61368 /* Frameworks */ = {
			isa = PBXFrameworksBuildPhase;
			buildActionMask = 2147483647;
			files = (
			);
			runOnlyForDeploymentPostprocessing = 0;
		};
		5D5794592582D67500D61368 /* Frameworks */ = {
			isa = PBXFrameworksBuildPhase;
			buildActionMask = 2147483647;
			files = (
			);
			runOnlyForDeploymentPostprocessing = 0;
		};
/* End PBXFrameworksBuildPhase section */

/* Begin PBXGroup section */
		5D5684D42587C37600F8900B /* Shop */ = {
			isa = PBXGroup;
			children = (
				5D5684D52587C38900F8900B /* ShopView.swift */,
				5D5684DE2587C60300F8900B /* ShopViewModel.swift */,
			);
			path = Shop;
			sourceTree = "<group>";
		};
		5D5684ED2588006C00F8900B /* TamagotchiWatch WatchKit App */ = {
			isa = PBXGroup;
			children = (
				5D5684EE2588006C00F8900B /* Interface.storyboard */,
				5D5684F12588006D00F8900B /* Assets.xcassets */,
				5D5684F32588006D00F8900B /* Info.plist */,
			);
			path = "TamagotchiWatch WatchKit App";
			sourceTree = "<group>";
		};
		5D5684FC2588006D00F8900B /* TamagotchiWatch WatchKit Extension */ = {
			isa = PBXGroup;
			children = (
				5D5684FF2588006D00F8900B /* HostingController.swift */,
				5D5685012588006D00F8900B /* ExtensionDelegate.swift */,
				5D5685032588006D00F8900B /* Assets.xcassets */,
				5D5685082588006D00F8900B /* Info.plist */,
				5D5685052588006D00F8900B /* Preview Content */,
			);
			path = "TamagotchiWatch WatchKit Extension";
			sourceTree = "<group>";
		};
		5D5685052588006D00F8900B /* Preview Content */ = {
			isa = PBXGroup;
			children = (
				5D5685062588006D00F8900B /* Preview Assets.xcassets */,
			);
			path = "Preview Content";
			sourceTree = "<group>";
		};
		5D5685262588052D00F8900B /* Info */ = {
			isa = PBXGroup;
			children = (
				5D5685272588053600F8900B /* InfoView.swift */,
			);
			path = Info;
			sourceTree = "<group>";
		};
		5D5794022582D63C00D61368 = {
			isa = PBXGroup;
			children = (
				5D57940D2582D63C00D61368 /* Tamagotchi */,
				5D57945D2582D67500D61368 /* TV */,
				5D5684ED2588006C00F8900B /* TamagotchiWatch WatchKit App */,
				5D5684FC2588006D00F8900B /* TamagotchiWatch WatchKit Extension */,
				5D57940C2582D63C00D61368 /* Products */,
			);
			sourceTree = "<group>";
		};
		5D57940C2582D63C00D61368 /* Products */ = {
			isa = PBXGroup;
			children = (
				5D57940B2582D63C00D61368 /* Tamagotchi.app */,
				5D57945C2582D67500D61368 /* TV.app */,
				5D5684E62588006C00F8900B /* TamagotchiWatch.app */,
				5D5684E92588006C00F8900B /* TamagotchiWatch WatchKit App.app */,
				5D5684F82588006D00F8900B /* TamagotchiWatch WatchKit Extension.appex */,
			);
			name = Products;
			sourceTree = "<group>";
		};
		5D57940D2582D63C00D61368 /* Tamagotchi */ = {
			isa = PBXGroup;
			children = (
				5DEC886F25876FBB0034DE89 /* Core */,
				5DEC886E25876FB20034DE89 /* App */,
				5D5794222582D64200D61368 /* Tamagotchi.entitlements */,
				5D57940E2582D63C00D61368 /* AppDelegate.swift */,
				5D5794102582D63C00D61368 /* SceneDelegate.swift */,
				5D5794142582D63D00D61368 /* Assets.xcassets */,
				5D5794192582D63D00D61368 /* LaunchScreen.storyboard */,
				5D57941C2582D63D00D61368 /* Info.plist */,
				5D5794162582D63D00D61368 /* Preview Content */,
			);
			path = Tamagotchi;
			sourceTree = "<group>";
		};
		5D5794162582D63D00D61368 /* Preview Content */ = {
			isa = PBXGroup;
			children = (
				5D5794172582D63D00D61368 /* Preview Assets.xcassets */,
			);
			path = "Preview Content";
			sourceTree = "<group>";
		};
		5D57945D2582D67500D61368 /* TV */ = {
			isa = PBXGroup;
			children = (
				5D57945E2582D67500D61368 /* AppDelegate.swift */,
				5D5794622582D67600D61368 /* Assets.xcassets */,
				5D5794672582D67600D61368 /* LaunchScreen.storyboard */,
				5D57946A2582D67600D61368 /* Info.plist */,
				5D5794642582D67600D61368 /* Preview Content */,
			);
			path = TV;
			sourceTree = "<group>";
		};
		5D5794642582D67600D61368 /* Preview Content */ = {
			isa = PBXGroup;
			children = (
				5D5794652582D67600D61368 /* Preview Assets.xcassets */,
			);
			path = "Preview Content";
			sourceTree = "<group>";
		};
		5DEC886625876E6D0034DE89 /* Menu */ = {
			isa = PBXGroup;
			children = (
				5D5794122582D63C00D61368 /* ContentView.swift */,
				5D5684C525879D0800F8900B /* MenuItemView.swift */,
				5D5684C825879D8300F8900B /* MenuType.swift */,
				5D5684E12587FED000F8900B /* ContentViewModel.swift */,
			);
			path = Menu;
			sourceTree = "<group>";
		};
		5DEC886725876E740034DE89 /* Game */ = {
			isa = PBXGroup;
			children = (
				5DEC886925876E8F0034DE89 /* GameView.swift */,
				5D5684D12587A77A00F8900B /* GameViewModel.swift */,
			);
			path = Game;
			sourceTree = "<group>";
		};
		5DEC886825876E780034DE89 /* Character */ = {
			isa = PBXGroup;
			children = (
				5DEC886C25876EA60034DE89 /* CharacterView.swift */,
				5D5684CE25879E8800F8900B /* CharacterItemView.swift */,
			);
			path = Character;
			sourceTree = "<group>";
		};
		5DEC886E25876FB20034DE89 /* App */ = {
			isa = PBXGroup;
			children = (
				5D5685262588052D00F8900B /* Info */,
				5D5684D42587C37600F8900B /* Shop */,
				5DEC886625876E6D0034DE89 /* Menu */,
				5DEC886725876E740034DE89 /* Game */,
				5DEC886825876E780034DE89 /* Character */,
				5DEC8872258771D70034DE89 /* RemoteImage.swift */,
			);
			path = App;
			sourceTree = "<group>";
		};
		5DEC886F25876FBB0034DE89 /* Core */ = {
			isa = PBXGroup;
			children = (
				5DEC887025876FC70034DE89 /* Character.swift */,
				5DEC8874258772F00034DE89 /* ImageLoader.swift */,
				5D5684B22587999000F8900B /* UserDefaultsManager.swift */,
				5D5684D82587C3AF00F8900B /* Eat.swift */,
				5D5684DB2587C46000F8900B /* Food.swift */,
			);
			path = Core;
			sourceTree = "<group>";
		};
/* End PBXGroup section */

/* Begin PBXNativeTarget section */
		5D5684E52588006C00F8900B /* TamagotchiWatch */ = {
			isa = PBXNativeTarget;
			buildConfigurationList = 5D5685112588006D00F8900B /* Build configuration list for PBXNativeTarget "TamagotchiWatch" */;
			buildPhases = (
				5D5684E42588006C00F8900B /* Resources */,
				5D5685102588006D00F8900B /* Embed Watch Content */,
			);
			buildRules = (
			);
			dependencies = (
				5D5684EC2588006C00F8900B /* PBXTargetDependency */,
			);
			name = TamagotchiWatch;
			productName = TamagotchiWatch;
			productReference = 5D5684E62588006C00F8900B /* TamagotchiWatch.app */;
			productType = "com.apple.product-type.application.watchapp2-container";
		};
		5D5684E82588006C00F8900B /* TamagotchiWatch WatchKit App */ = {
			isa = PBXNativeTarget;
			buildConfigurationList = 5D56850D2588006D00F8900B /* Build configuration list for PBXNativeTarget "TamagotchiWatch WatchKit App" */;
			buildPhases = (
				5D5684E72588006C00F8900B /* Resources */,
				5D56850C2588006D00F8900B /* Embed App Extensions */,
			);
			buildRules = (
			);
			dependencies = (
				5D5684FB2588006D00F8900B /* PBXTargetDependency */,
			);
			name = "TamagotchiWatch WatchKit App";
			productName = "TamagotchiWatch WatchKit App";
			productReference = 5D5684E92588006C00F8900B /* TamagotchiWatch WatchKit App.app */;
			productType = "com.apple.product-type.application.watchapp2";
		};
		5D5684F72588006D00F8900B /* TamagotchiWatch WatchKit Extension */ = {
			isa = PBXNativeTarget;
			buildConfigurationList = 5D5685092588006D00F8900B /* Build configuration list for PBXNativeTarget "TamagotchiWatch WatchKit Extension" */;
			buildPhases = (
				5D5684F42588006D00F8900B /* Sources */,
				5D5684F52588006D00F8900B /* Frameworks */,
				5D5684F62588006D00F8900B /* Resources */,
			);
			buildRules = (
			);
			dependencies = (
			);
			name = "TamagotchiWatch WatchKit Extension";
			productName = "TamagotchiWatch WatchKit Extension";
			productReference = 5D5684F82588006D00F8900B /* TamagotchiWatch WatchKit Extension.appex */;
			productType = "com.apple.product-type.watchkit2-extension";
		};
		5D57940A2582D63C00D61368 /* Tamagotchi */ = {
			isa = PBXNativeTarget;
			buildConfigurationList = 5D57941F2582D63D00D61368 /* Build configuration list for PBXNativeTarget "Tamagotchi" */;
			buildPhases = (
				5D5794072582D63C00D61368 /* Sources */,
				5D5794082582D63C00D61368 /* Frameworks */,
				5D5794092582D63C00D61368 /* Resources */,
			);
			buildRules = (
			);
			dependencies = (
			);
			name = Tamagotchi;
			productName = Tamagotchi;
			productReference = 5D57940B2582D63C00D61368 /* Tamagotchi.app */;
			productType = "com.apple.product-type.application";
		};
		5D57945B2582D67500D61368 /* TV */ = {
			isa = PBXNativeTarget;
			buildConfigurationList = 5D57946B2582D67600D61368 /* Build configuration list for PBXNativeTarget "TV" */;
			buildPhases = (
				5D5794582582D67500D61368 /* Sources */,
				5D5794592582D67500D61368 /* Frameworks */,
				5D57945A2582D67500D61368 /* Resources */,
			);
			buildRules = (
			);
			dependencies = (
			);
			name = TV;
			productName = TV;
			productReference = 5D57945C2582D67500D61368 /* TV.app */;
			productType = "com.apple.product-type.application";
		};
/* End PBXNativeTarget section */

/* Begin PBXProject section */
		5D5794032582D63C00D61368 /* Project object */ = {
			isa = PBXProject;
			attributes = {
				LastSwiftUpdateCheck = 1150;
				LastUpgradeCheck = 1150;
				ORGANIZATIONNAME = "Анастасия";
				TargetAttributes = {
					5D5684E52588006C00F8900B = {
						CreatedOnToolsVersion = 11.5;
					};
					5D5684E82588006C00F8900B = {
						CreatedOnToolsVersion = 11.5;
					};
					5D5684F72588006D00F8900B = {
						CreatedOnToolsVersion = 11.5;
					};
					5D57940A2582D63C00D61368 = {
						CreatedOnToolsVersion = 11.5;
					};
					5D57945B2582D67500D61368 = {
						CreatedOnToolsVersion = 11.5;
					};
				};
			};
			buildConfigurationList = 5D5794062582D63C00D61368 /* Build configuration list for PBXProject "Tamagotchi" */;
			compatibilityVersion = "Xcode 9.3";
			developmentRegion = en;
			hasScannedForEncodings = 0;
			knownRegions = (
				en,
				Base,
			);
			mainGroup = 5D5794022582D63C00D61368;
			productRefGroup = 5D57940C2582D63C00D61368 /* Products */;
			projectDirPath = "";
			projectRoot = "";
			targets = (
				5D57940A2582D63C00D61368 /* Tamagotchi */,
				5D57945B2582D67500D61368 /* TV */,
				5D5684E52588006C00F8900B /* TamagotchiWatch */,
				5D5684E82588006C00F8900B /* TamagotchiWatch WatchKit App */,
				5D5684F72588006D00F8900B /* TamagotchiWatch WatchKit Extension */,
			);
		};
/* End PBXProject section */

/* Begin PBXResourcesBuildPhase section */
		5D5684E42588006C00F8900B /* Resources */ = {
			isa = PBXResourcesBuildPhase;
			buildActionMask = 2147483647;
			files = (
			);
			runOnlyForDeploymentPostprocessing = 0;
		};
		5D5684E72588006C00F8900B /* Resources */ = {
			isa = PBXResourcesBuildPhase;
			buildActionMask = 2147483647;
			files = (
				5D5684F22588006D00F8900B /* Assets.xcassets in Resources */,
				5D5684F02588006C00F8900B /* Interface.storyboard in Resources */,
			);
			runOnlyForDeploymentPostprocessing = 0;
		};
		5D5684F62588006D00F8900B /* Resources */ = {
			isa = PBXResourcesBuildPhase;
			buildActionMask = 2147483647;
			files = (
				5D5685072588006D00F8900B /* Preview Assets.xcassets in Resources */,
				5D5685042588006D00F8900B /* Assets.xcassets in Resources */,
			);
			runOnlyForDeploymentPostprocessing = 0;
		};
		5D5794092582D63C00D61368 /* Resources */ = {
			isa = PBXResourcesBuildPhase;
			buildActionMask = 2147483647;
			files = (
				5D57941B2582D63D00D61368 /* LaunchScreen.storyboard in Resources */,
				5D5794182582D63D00D61368 /* Preview Assets.xcassets in Resources */,
				5D5794152582D63D00D61368 /* Assets.xcassets in Resources */,
			);
			runOnlyForDeploymentPostprocessing = 0;
		};
		5D57945A2582D67500D61368 /* Resources */ = {
			isa = PBXResourcesBuildPhase;
			buildActionMask = 2147483647;
			files = (
				5D5794692582D67600D61368 /* LaunchScreen.storyboard in Resources */,
				5D5794662582D67600D61368 /* Preview Assets.xcassets in Resources */,
				5D5794632582D67600D61368 /* Assets.xcassets in Resources */,
			);
			runOnlyForDeploymentPostprocessing = 0;
		};
/* End PBXResourcesBuildPhase section */

/* Begin PBXSourcesBuildPhase section */
		5D5684F42588006D00F8900B /* Sources */ = {
			isa = PBXSourcesBuildPhase;
			buildActionMask = 2147483647;
			files = (
				5D56851E258800CC00F8900B /* MenuType.swift in Sources */,
				5D568523258800D800F8900B /* CharacterItemView.swift in Sources */,
				5D56851F258800CF00F8900B /* ContentViewModel.swift in Sources */,
				5D568519258800C200F8900B /* Food.swift in Sources */,
				5D568521258800D400F8900B /* GameViewModel.swift in Sources */,
				5D568518258800C000F8900B /* Eat.swift in Sources */,
				5D56852A2588067700F8900B /* InfoView.swift in Sources */,
				5D56851D258800CA00F8900B /* MenuItemView.swift in Sources */,
				5D568522258800D600F8900B /* CharacterView.swift in Sources */,
				5D568515258800B900F8900B /* Character.swift in Sources */,
				5D568524258800DA00F8900B /* RemoteImage.swift in Sources */,
				5D568520258800D100F8900B /* GameView.swift in Sources */,
				5D568517258800BE00F8900B /* UserDefaultsManager.swift in Sources */,
				5D5685002588006D00F8900B /* HostingController.swift in Sources */,
				5D568516258800BB00F8900B /* ImageLoader.swift in Sources */,
				5D56851C258800C800F8900B /* ContentView.swift in Sources */,
				5D56851A258800C400F8900B /* ShopView.swift in Sources */,
				5D5685022588006D00F8900B /* ExtensionDelegate.swift in Sources */,
				5D56851B258800C600F8900B /* ShopViewModel.swift in Sources */,
			);
			runOnlyForDeploymentPostprocessing = 0;
		};
		5D5794072582D63C00D61368 /* Sources */ = {
			isa = PBXSourcesBuildPhase;
			buildActionMask = 2147483647;
			files = (
				5D5684D92587C3AF00F8900B /* Eat.swift in Sources */,
				5D5684C925879D8300F8900B /* MenuType.swift in Sources */,
				5D57940F2582D63C00D61368 /* AppDelegate.swift in Sources */,
				5D5794112582D63C00D61368 /* SceneDelegate.swift in Sources */,
				5DEC8873258771D70034DE89 /* RemoteImage.swift in Sources */,
				5D5684C625879D0800F8900B /* MenuItemView.swift in Sources */,
				5D5685282588053600F8900B /* InfoView.swift in Sources */,
				5DEC886D25876EA60034DE89 /* CharacterView.swift in Sources */,
				5DEC887125876FC70034DE89 /* Character.swift in Sources */,
				5D5684DF2587C60300F8900B /* ShopViewModel.swift in Sources */,
				5D5684DC2587C46000F8900B /* Food.swift in Sources */,
				5D5684B32587999000F8900B /* UserDefaultsManager.swift in Sources */,
				5DEC886A25876E8F0034DE89 /* GameView.swift in Sources */,
				5D5684E22587FED000F8900B /* ContentViewModel.swift in Sources */,
				5D5684CF25879E8800F8900B /* CharacterItemView.swift in Sources */,
				5D5684D22587A77A00F8900B /* GameViewModel.swift in Sources */,
				5DEC8875258772F00034DE89 /* ImageLoader.swift in Sources */,
				5D5684D62587C38900F8900B /* ShopView.swift in Sources */,
				5D5794132582D63C00D61368 /* ContentView.swift in Sources */,
			);
			runOnlyForDeploymentPostprocessing = 0;
		};
		5D5794582582D67500D61368 /* Sources */ = {
			isa = PBXSourcesBuildPhase;
			buildActionMask = 2147483647;
			files = (
				5D5684D32587A77A00F8900B /* GameViewModel.swift in Sources */,
				5D5684CA25879D8300F8900B /* MenuType.swift in Sources */,
				5D5684D025879E8800F8900B /* CharacterItemView.swift in Sources */,
				5DBD848025877485000254ED /* ImageLoader.swift in Sources */,
				5D5684D72587C38900F8900B /* ShopView.swift in Sources */,
				5DBD847E25877480000254ED /* CharacterView.swift in Sources */,
				5DEC886525876DCB0034DE89 /* ContentView.swift in Sources */,
				5DBD847F25877483000254ED /* GameView.swift in Sources */,
				5D5684C725879D0800F8900B /* MenuItemView.swift in Sources */,
				5D5684DA2587C3AF00F8900B /* Eat.swift in Sources */,
				5DBD8483258775D7000254ED /* AppDelegate.swift in Sources */,
				5D5684DD2587C46000F8900B /* Food.swift in Sources */,
				5DBD847D2587747E000254ED /* RemoteImage.swift in Sources */,
				5D5684E32587FED000F8900B /* ContentViewModel.swift in Sources */,
				5D5684B425879A1B00F8900B /* UserDefaultsManager.swift in Sources */,
				5D5684E02587C60300F8900B /* ShopViewModel.swift in Sources */,
				5D5685292588053600F8900B /* InfoView.swift in Sources */,
				5DBD848125877487000254ED /* Character.swift in Sources */,
			);
			runOnlyForDeploymentPostprocessing = 0;
		};
/* End PBXSourcesBuildPhase section */

/* Begin PBXTargetDependency section */
		5D5684EC2588006C00F8900B /* PBXTargetDependency */ = {
			isa = PBXTargetDependency;
			target = 5D5684E82588006C00F8900B /* TamagotchiWatch WatchKit App */;
			targetProxy = 5D5684EB2588006C00F8900B /* PBXContainerItemProxy */;
		};
		5D5684FB2588006D00F8900B /* PBXTargetDependency */ = {
			isa = PBXTargetDependency;
			target = 5D5684F72588006D00F8900B /* TamagotchiWatch WatchKit Extension */;
			targetProxy = 5D5684FA2588006D00F8900B /* PBXContainerItemProxy */;
		};
/* End PBXTargetDependency section */

/* Begin PBXVariantGroup section */
		5D5684EE2588006C00F8900B /* Interface.storyboard */ = {
			isa = PBXVariantGroup;
			children = (
				5D5684EF2588006C00F8900B /* Base */,
			);
			name = Interface.storyboard;
			sourceTree = "<group>";
		};
		5D5794192582D63D00D61368 /* LaunchScreen.storyboard */ = {
			isa = PBXVariantGroup;
			children = (
				5D57941A2582D63D00D61368 /* Base */,
			);
			name = LaunchScreen.storyboard;
			sourceTree = "<group>";
		};
		5D5794672582D67600D61368 /* LaunchScreen.storyboard */ = {
			isa = PBXVariantGroup;
			children = (
				5D5794682582D67600D61368 /* Base */,
			);
			name = LaunchScreen.storyboard;
			sourceTree = "<group>";
		};
/* End PBXVariantGroup section */

/* Begin XCBuildConfiguration section */
		5D56850A2588006D00F8900B /* Debug */ = {
			isa = XCBuildConfiguration;
			buildSettings = {
				ASSETCATALOG_COMPILER_COMPLICATION_NAME = Complication;
				CODE_SIGN_STYLE = Automatic;
				DEVELOPMENT_ASSET_PATHS = "\"TamagotchiWatch WatchKit Extension/Preview Content\"";
				DEVELOPMENT_TEAM = 5WLRHKL28G;
				ENABLE_PREVIEWS = YES;
				INFOPLIST_FILE = "TamagotchiWatch WatchKit Extension/Info.plist";
				LD_RUNPATH_SEARCH_PATHS = (
					"$(inherited)",
					"@executable_path/Frameworks",
					"@executable_path/../../Frameworks",
				);
				PRODUCT_BUNDLE_IDENTIFIER = ru.nastya.goeva.TamagotchiWatch.watchkitapp.watchkitextension;
				PRODUCT_NAME = "${TARGET_NAME}";
				SDKROOT = watchos;
				SKIP_INSTALL = YES;
				SWIFT_VERSION = 5.0;
				TARGETED_DEVICE_FAMILY = 4;
				WATCHOS_DEPLOYMENT_TARGET = 6.2;
			};
			name = Debug;
		};
		5D56850B2588006D00F8900B /* Release */ = {
			isa = XCBuildConfiguration;
			buildSettings = {
				ASSETCATALOG_COMPILER_COMPLICATION_NAME = Complication;
				CODE_SIGN_STYLE = Automatic;
				DEVELOPMENT_ASSET_PATHS = "\"TamagotchiWatch WatchKit Extension/Preview Content\"";
				DEVELOPMENT_TEAM = 5WLRHKL28G;
				ENABLE_PREVIEWS = YES;
				INFOPLIST_FILE = "TamagotchiWatch WatchKit Extension/Info.plist";
				LD_RUNPATH_SEARCH_PATHS = (
					"$(inherited)",
					"@executable_path/Frameworks",
					"@executable_path/../../Frameworks",
				);
				PRODUCT_BUNDLE_IDENTIFIER = ru.nastya.goeva.TamagotchiWatch.watchkitapp.watchkitextension;
				PRODUCT_NAME = "${TARGET_NAME}";
				SDKROOT = watchos;
				SKIP_INSTALL = YES;
				SWIFT_VERSION = 5.0;
				TARGETED_DEVICE_FAMILY = 4;
				WATCHOS_DEPLOYMENT_TARGET = 6.2;
			};
			name = Release;
		};
		5D56850E2588006D00F8900B /* Debug */ = {
			isa = XCBuildConfiguration;
			buildSettings = {
				ALWAYS_EMBED_SWIFT_STANDARD_LIBRARIES = YES;
				ASSETCATALOG_COMPILER_APPICON_NAME = AppIcon;
				CODE_SIGN_STYLE = Automatic;
				DEVELOPMENT_TEAM = 5WLRHKL28G;
				IBSC_MODULE = TamagotchiWatch_WatchKit_Extension;
				INFOPLIST_FILE = "TamagotchiWatch WatchKit App/Info.plist";
				PRODUCT_BUNDLE_IDENTIFIER = ru.nastya.goeva.TamagotchiWatch.watchkitapp;
				PRODUCT_NAME = "$(TARGET_NAME)";
				SDKROOT = watchos;
				SKIP_INSTALL = YES;
				SWIFT_VERSION = 5.0;
				TARGETED_DEVICE_FAMILY = 4;
				WATCHOS_DEPLOYMENT_TARGET = 6.2;
			};
			name = Debug;
		};
		5D56850F2588006D00F8900B /* Release */ = {
			isa = XCBuildConfiguration;
			buildSettings = {
				ALWAYS_EMBED_SWIFT_STANDARD_LIBRARIES = YES;
				ASSETCATALOG_COMPILER_APPICON_NAME = AppIcon;
				CODE_SIGN_STYLE = Automatic;
				DEVELOPMENT_TEAM = 5WLRHKL28G;
				IBSC_MODULE = TamagotchiWatch_WatchKit_Extension;
				INFOPLIST_FILE = "TamagotchiWatch WatchKit App/Info.plist";
				PRODUCT_BUNDLE_IDENTIFIER = ru.nastya.goeva.TamagotchiWatch.watchkitapp;
				PRODUCT_NAME = "$(TARGET_NAME)";
				SDKROOT = watchos;
				SKIP_INSTALL = YES;
				SWIFT_VERSION = 5.0;
				TARGETED_DEVICE_FAMILY = 4;
				WATCHOS_DEPLOYMENT_TARGET = 6.2;
			};
			name = Release;
		};
		5D5685122588006D00F8900B /* Debug */ = {
			isa = XCBuildConfiguration;
			buildSettings = {
				CODE_SIGN_STYLE = Automatic;
				CURRENT_PROJECT_VERSION = 1;
				DEVELOPMENT_TEAM = 5WLRHKL28G;
				MARKETING_VERSION = 1.0;
				PRODUCT_BUNDLE_IDENTIFIER = ru.nastya.goeva.TamagotchiWatch;
				PRODUCT_NAME = "$(TARGET_NAME)";
				SWIFT_VERSION = 5.0;
			};
			name = Debug;
		};
		5D5685132588006D00F8900B /* Release */ = {
			isa = XCBuildConfiguration;
			buildSettings = {
				CODE_SIGN_STYLE = Automatic;
				CURRENT_PROJECT_VERSION = 1;
				DEVELOPMENT_TEAM = 5WLRHKL28G;
				MARKETING_VERSION = 1.0;
				PRODUCT_BUNDLE_IDENTIFIER = ru.nastya.goeva.TamagotchiWatch;
				PRODUCT_NAME = "$(TARGET_NAME)";
				SWIFT_VERSION = 5.0;
			};
			name = Release;
		};
		5D57941D2582D63D00D61368 /* Debug */ = {
			isa = XCBuildConfiguration;
			buildSettings = {
				ALWAYS_SEARCH_USER_PATHS = NO;
				CLANG_ANALYZER_NONNULL = YES;
				CLANG_ANALYZER_NUMBER_OBJECT_CONVERSION = YES_AGGRESSIVE;
				CLANG_CXX_LANGUAGE_STANDARD = "gnu++14";
				CLANG_CXX_LIBRARY = "libc++";
				CLANG_ENABLE_MODULES = YES;
				CLANG_ENABLE_OBJC_ARC = YES;
				CLANG_ENABLE_OBJC_WEAK = YES;
				CLANG_WARN_BLOCK_CAPTURE_AUTORELEASING = YES;
				CLANG_WARN_BOOL_CONVERSION = YES;
				CLANG_WARN_COMMA = YES;
				CLANG_WARN_CONSTANT_CONVERSION = YES;
				CLANG_WARN_DEPRECATED_OBJC_IMPLEMENTATIONS = YES;
				CLANG_WARN_DIRECT_OBJC_ISA_USAGE = YES_ERROR;
				CLANG_WARN_DOCUMENTATION_COMMENTS = YES;
				CLANG_WARN_EMPTY_BODY = YES;
				CLANG_WARN_ENUM_CONVERSION = YES;
				CLANG_WARN_INFINITE_RECURSION = YES;
				CLANG_WARN_INT_CONVERSION = YES;
				CLANG_WARN_NON_LITERAL_NULL_CONVERSION = YES;
				CLANG_WARN_OBJC_IMPLICIT_RETAIN_SELF = YES;
				CLANG_WARN_OBJC_LITERAL_CONVERSION = YES;
				CLANG_WARN_OBJC_ROOT_CLASS = YES_ERROR;
				CLANG_WARN_RANGE_LOOP_ANALYSIS = YES;
				CLANG_WARN_STRICT_PROTOTYPES = YES;
				CLANG_WARN_SUSPICIOUS_MOVE = YES;
				CLANG_WARN_UNGUARDED_AVAILABILITY = YES_AGGRESSIVE;
				CLANG_WARN_UNREACHABLE_CODE = YES;
				CLANG_WARN__DUPLICATE_METHOD_MATCH = YES;
				COPY_PHASE_STRIP = NO;
				DEBUG_INFORMATION_FORMAT = dwarf;
				ENABLE_STRICT_OBJC_MSGSEND = YES;
				ENABLE_TESTABILITY = YES;
				GCC_C_LANGUAGE_STANDARD = gnu11;
				GCC_DYNAMIC_NO_PIC = NO;
				GCC_NO_COMMON_BLOCKS = YES;
				GCC_OPTIMIZATION_LEVEL = 0;
				GCC_PREPROCESSOR_DEFINITIONS = (
					"DEBUG=1",
					"$(inherited)",
				);
				GCC_WARN_64_TO_32_BIT_CONVERSION = YES;
				GCC_WARN_ABOUT_RETURN_TYPE = YES_ERROR;
				GCC_WARN_UNDECLARED_SELECTOR = YES;
				GCC_WARN_UNINITIALIZED_AUTOS = YES_AGGRESSIVE;
				GCC_WARN_UNUSED_FUNCTION = YES;
				GCC_WARN_UNUSED_VARIABLE = YES;
				IPHONEOS_DEPLOYMENT_TARGET = 13.5;
				MTL_ENABLE_DEBUG_INFO = INCLUDE_SOURCE;
				MTL_FAST_MATH = YES;
				ONLY_ACTIVE_ARCH = YES;
				SDKROOT = iphoneos;
				SWIFT_ACTIVE_COMPILATION_CONDITIONS = DEBUG;
				SWIFT_OPTIMIZATION_LEVEL = "-Onone";
			};
			name = Debug;
		};
		5D57941E2582D63D00D61368 /* Release */ = {
			isa = XCBuildConfiguration;
			buildSettings = {
				ALWAYS_SEARCH_USER_PATHS = NO;
				CLANG_ANALYZER_NONNULL = YES;
				CLANG_ANALYZER_NUMBER_OBJECT_CONVERSION = YES_AGGRESSIVE;
				CLANG_CXX_LANGUAGE_STANDARD = "gnu++14";
				CLANG_CXX_LIBRARY = "libc++";
				CLANG_ENABLE_MODULES = YES;
				CLANG_ENABLE_OBJC_ARC = YES;
				CLANG_ENABLE_OBJC_WEAK = YES;
				CLANG_WARN_BLOCK_CAPTURE_AUTORELEASING = YES;
				CLANG_WARN_BOOL_CONVERSION = YES;
				CLANG_WARN_COMMA = YES;
				CLANG_WARN_CONSTANT_CONVERSION = YES;
				CLANG_WARN_DEPRECATED_OBJC_IMPLEMENTATIONS = YES;
				CLANG_WARN_DIRECT_OBJC_ISA_USAGE = YES_ERROR;
				CLANG_WARN_DOCUMENTATION_COMMENTS = YES;
				CLANG_WARN_EMPTY_BODY = YES;
				CLANG_WARN_ENUM_CONVERSION = YES;
				CLANG_WARN_INFINITE_RECURSION = YES;
				CLANG_WARN_INT_CONVERSION = YES;
				CLANG_WARN_NON_LITERAL_NULL_CONVERSION = YES;
				CLANG_WARN_OBJC_IMPLICIT_RETAIN_SELF = YES;
				CLANG_WARN_OBJC_LITERAL_CONVERSION = YES;
				CLANG_WARN_OBJC_ROOT_CLASS = YES_ERROR;
				CLANG_WARN_RANGE_LOOP_ANALYSIS = YES;
				CLANG_WARN_STRICT_PROTOTYPES = YES;
				CLANG_WARN_SUSPICIOUS_MOVE = YES;
				CLANG_WARN_UNGUARDED_AVAILABILITY = YES_AGGRESSIVE;
				CLANG_WARN_UNREACHABLE_CODE = YES;
				CLANG_WARN__DUPLICATE_METHOD_MATCH = YES;
				COPY_PHASE_STRIP = NO;
				DEBUG_INFORMATION_FORMAT = "dwarf-with-dsym";
				ENABLE_NS_ASSERTIONS = NO;
				ENABLE_STRICT_OBJC_MSGSEND = YES;
				GCC_C_LANGUAGE_STANDARD = gnu11;
				GCC_NO_COMMON_BLOCKS = YES;
				GCC_WARN_64_TO_32_BIT_CONVERSION = YES;
				GCC_WARN_ABOUT_RETURN_TYPE = YES_ERROR;
				GCC_WARN_UNDECLARED_SELECTOR = YES;
				GCC_WARN_UNINITIALIZED_AUTOS = YES_AGGRESSIVE;
				GCC_WARN_UNUSED_FUNCTION = YES;
				GCC_WARN_UNUSED_VARIABLE = YES;
				IPHONEOS_DEPLOYMENT_TARGET = 13.5;
				MTL_ENABLE_DEBUG_INFO = NO;
				MTL_FAST_MATH = YES;
				SDKROOT = iphoneos;
				SWIFT_COMPILATION_MODE = wholemodule;
				SWIFT_OPTIMIZATION_LEVEL = "-O";
				VALIDATE_PRODUCT = YES;
			};
			name = Release;
		};
		5D5794202582D63D00D61368 /* Debug */ = {
			isa = XCBuildConfiguration;
			buildSettings = {
				ASSETCATALOG_COMPILER_APPICON_NAME = AppIcon;
				CODE_SIGN_ENTITLEMENTS = Tamagotchi/Tamagotchi.entitlements;
				CODE_SIGN_STYLE = Automatic;
				DEVELOPMENT_ASSET_PATHS = "\"Tamagotchi/Preview Content\"";
				DEVELOPMENT_TEAM = 5WLRHKL28G;
				ENABLE_PREVIEWS = YES;
				INFOPLIST_FILE = Tamagotchi/Info.plist;
				LD_RUNPATH_SEARCH_PATHS = (
					"$(inherited)",
					"@executable_path/Frameworks",
				);
				PRODUCT_BUNDLE_IDENTIFIER = ru.nastya.goeva.Tamagotchi;
				PRODUCT_NAME = "$(TARGET_NAME)";
				SUPPORTS_MACCATALYST = YES;
				SWIFT_VERSION = 5.0;
				TARGETED_DEVICE_FAMILY = "1,2";
			};
			name = Debug;
		};
		5D5794212582D63D00D61368 /* Release */ = {
			isa = XCBuildConfiguration;
			buildSettings = {
				ASSETCATALOG_COMPILER_APPICON_NAME = AppIcon;
				CODE_SIGN_ENTITLEMENTS = Tamagotchi/Tamagotchi.entitlements;
				CODE_SIGN_STYLE = Automatic;
				DEVELOPMENT_ASSET_PATHS = "\"Tamagotchi/Preview Content\"";
				DEVELOPMENT_TEAM = 5WLRHKL28G;
				ENABLE_PREVIEWS = YES;
				INFOPLIST_FILE = Tamagotchi/Info.plist;
				LD_RUNPATH_SEARCH_PATHS = (
					"$(inherited)",
					"@executable_path/Frameworks",
				);
				PRODUCT_BUNDLE_IDENTIFIER = ru.nastya.goeva.Tamagotchi;
				PRODUCT_NAME = "$(TARGET_NAME)";
				SUPPORTS_MACCATALYST = YES;
				SWIFT_VERSION = 5.0;
				TARGETED_DEVICE_FAMILY = "1,2";
			};
			name = Release;
		};
		5D57946C2582D67600D61368 /* Debug */ = {
			isa = XCBuildConfiguration;
			buildSettings = {
				ASSETCATALOG_COMPILER_APPICON_NAME = "App Icon & Top Shelf Image";
				CODE_SIGN_STYLE = Automatic;
				DEVELOPMENT_ASSET_PATHS = "\"TV/Preview Content\"";
				DEVELOPMENT_TEAM = 5WLRHKL28G;
				ENABLE_PREVIEWS = YES;
				INFOPLIST_FILE = TV/Info.plist;
				LD_RUNPATH_SEARCH_PATHS = (
					"$(inherited)",
					"@executable_path/Frameworks",
				);
				PRODUCT_BUNDLE_IDENTIFIER = ru.nastya.goeva.TV;
				PRODUCT_NAME = "$(TARGET_NAME)";
				SDKROOT = appletvos;
				SWIFT_VERSION = 5.0;
				TARGETED_DEVICE_FAMILY = 3;
				TVOS_DEPLOYMENT_TARGET = 13.4;
			};
			name = Debug;
		};
		5D57946D2582D67600D61368 /* Release */ = {
			isa = XCBuildConfiguration;
			buildSettings = {
				ASSETCATALOG_COMPILER_APPICON_NAME = "App Icon & Top Shelf Image";
				CODE_SIGN_STYLE = Automatic;
				DEVELOPMENT_ASSET_PATHS = "\"TV/Preview Content\"";
				DEVELOPMENT_TEAM = 5WLRHKL28G;
				ENABLE_PREVIEWS = YES;
				INFOPLIST_FILE = TV/Info.plist;
				LD_RUNPATH_SEARCH_PATHS = (
					"$(inherited)",
					"@executable_path/Frameworks",
				);
				PRODUCT_BUNDLE_IDENTIFIER = ru.nastya.goeva.TV;
				PRODUCT_NAME = "$(TARGET_NAME)";
				SDKROOT = appletvos;
				SWIFT_VERSION = 5.0;
				TARGETED_DEVICE_FAMILY = 3;
				TVOS_DEPLOYMENT_TARGET = 13.4;
			};
			name = Release;
		};
/* End XCBuildConfiguration section */

/* Begin XCConfigurationList section */
		5D5685092588006D00F8900B /* Build configuration list for PBXNativeTarget "TamagotchiWatch WatchKit Extension" */ = {
			isa = XCConfigurationList;
			buildConfigurations = (
				5D56850A2588006D00F8900B /* Debug */,
				5D56850B2588006D00F8900B /* Release */,
			);
			defaultConfigurationIsVisible = 0;
			defaultConfigurationName = Release;
		};
		5D56850D2588006D00F8900B /* Build configuration list for PBXNativeTarget "TamagotchiWatch WatchKit App" */ = {
			isa = XCConfigurationList;
			buildConfigurations = (
				5D56850E2588006D00F8900B /* Debug */,
				5D56850F2588006D00F8900B /* Release */,
			);
			defaultConfigurationIsVisible = 0;
			defaultConfigurationName = Release;
		};
		5D5685112588006D00F8900B /* Build configuration list for PBXNativeTarget "TamagotchiWatch" */ = {
			isa = XCConfigurationList;
			buildConfigurations = (
				5D5685122588006D00F8900B /* Debug */,
				5D5685132588006D00F8900B /* Release */,
			);
			defaultConfigurationIsVisible = 0;
			defaultConfigurationName = Release;
		};
		5D5794062582D63C00D61368 /* Build configuration list for PBXProject "Tamagotchi" */ = {
			isa = XCConfigurationList;
			buildConfigurations = (
				5D57941D2582D63D00D61368 /* Debug */,
				5D57941E2582D63D00D61368 /* Release */,
			);
			defaultConfigurationIsVisible = 0;
			defaultConfigurationName = Release;
		};
		5D57941F2582D63D00D61368 /* Build configuration list for PBXNativeTarget "Tamagotchi" */ = {
			isa = XCConfigurationList;
			buildConfigurations = (
				5D5794202582D63D00D61368 /* Debug */,
				5D5794212582D63D00D61368 /* Release */,
			);
			defaultConfigurationIsVisible = 0;
			defaultConfigurationName = Release;
		};
		5D57946B2582D67600D61368 /* Build configuration list for PBXNativeTarget "TV" */ = {
			isa = XCConfigurationList;
			buildConfigurations = (
				5D57946C2582D67600D61368 /* Debug */,
				5D57946D2582D67600D61368 /* Release */,
			);
			defaultConfigurationIsVisible = 0;
			defaultConfigurationName = Release;
		};
/* End XCConfigurationList section */
	};
	rootObject = 5D5794032582D63C00D61368 /* Project object */;
}
